
Microsoft Visual Studio Solution File, Format Version 12.00
# Visual Studio Version 17
VisualStudioVersion = 17.9.34723.18
MinimumVisualStudioVersion = 10.0.40219.1
Project("{9A19103F-16F7-4668-BE54-9A1E7A4F7556}") = "Controllers", "EduzcaServer\Controllers.csproj", "{0F69926C-8DA4-43CE-B31C-4724733D6067}"
EndProject
Project("{FAE04EC0-301F-11D3-BF4B-00C04F79EFBC}") = "Entities", "Entities\Entities.csproj", "{F86FE353-AE31-49AE-A613-58EF40C27FA1}"
EndProject
Project("{FAE04EC0-301F-11D3-BF4B-00C04F79EFBC}") = "Repositories", "Repositories\Repositories.csproj", "{C3D7047C-8844-468C-80CB-8422D23E2EA1}"
EndProject
Project("{FAE04EC0-301F-11D3-BF4B-00C04F79EFBC}") = "Services", "Services\Services.csproj", "{6DBB770F-38CA-4676-828B-401093C38633}"
EndProject
Global
	GlobalSection(SolutionConfigurationPlatforms) = preSolution
		Debug|Any CPU = Debug|Any CPU
		Release|Any CPU = Release|Any CPU
	EndGlobalSection
	GlobalSection(ProjectConfigurationPlatforms) = postSolution
		{0F69926C-8DA4-43CE-B31C-4724733D6067}.Debug|Any CPU.ActiveCfg = Debug|Any CPU
		{0F69926C-8DA4-43CE-B31C-4724733D6067}.Debug|Any CPU.Build.0 = Debug|Any CPU
		{0F69926C-8DA4-43CE-B31C-4724733D6067}.Release|Any CPU.ActiveCfg = Release|Any CPU
		{0F69926C-8DA4-43CE-B31C-4724733D6067}.Release|Any CPU.Build.0 = Release|Any CPU
		{F86FE353-AE31-49AE-A613-58EF40C27FA1}.Debug|Any CPU.ActiveCfg = Debug|Any CPU
		{F86FE353-AE31-49AE-A613-58EF40C27FA1}.Debug|Any CPU.Build.0 = Debug|Any CPU
		{F86FE353-AE31-49AE-A613-58EF40C27FA1}.Release|Any CPU.ActiveCfg = Release|Any CPU
		{F86FE353-AE31-49AE-A613-58EF40C27FA1}.Release|Any CPU.Build.0 = Release|Any CPU
		{C3D7047C-8844-468C-80CB-8422D23E2EA1}.Debug|Any CPU.ActiveCfg = Debug|Any CPU
		{C3D7047C-8844-468C-80CB-8422D23E2EA1}.Debug|Any CPU.Build.0 = Debug|Any CPU
		{C3D7047C-8844-468C-80CB-8422D23E2EA1}.Release|Any CPU.ActiveCfg = Release|Any CPU
		{C3D7047C-8844-468C-80CB-8422D23E2EA1}.Release|Any CPU.Build.0 = Release|Any CPU
		{6DBB770F-38CA-4676-828B-401093C38633}.Debug|Any CPU.ActiveCfg = Debug|Any CPU
		{6DBB770F-38CA-4676-828B-401093C38633}.Debug|Any CPU.Build.0 = Debug|Any CPU
		{6DBB770F-38CA-4676-828B-401093C38633}.Release|Any CPU.ActiveCfg = Release|Any CPU
		{6DBB770F-38CA-4676-828B-401093C38633}.Release|Any CPU.Build.0 = Release|Any CPU
	EndGlobalSection
	GlobalSection(SolutionProperties) = preSolution
		HideSolutionNode = FALSE
	EndGlobalSection
	GlobalSection(ExtensibilityGlobals) = postSolution
		SolutionGuid = {E3A9787D-2C9F-4C9D-928D-03D5AC0EC0B3}
	EndGlobalSection
EndGlobal
